
Microsoft Visual Studio Solution File, Format Version 12.00
# Visual Studio Version 17
VisualStudioVersion = 17.1.32328.378
MinimumVisualStudioVersion = 10.0.40219.1
Project("{FAE04EC0-301F-11D3-BF4B-00C04F79EFBC}") = "Order_Assignment", "Order_Assignment\Order_Assignment.csproj", "{F7D1DED0-F415-48DD-81CB-CA9A4A4F09D2}"
EndProject
Global
	GlobalSection(SolutionConfigurationPlatforms) = preSolution
		Debug|Any CPU = Debug|Any CPU
		Release|Any CPU = Release|Any CPU
	EndGlobalSection
	GlobalSection(ProjectConfigurationPlatforms) = postSolution
		{F7D1DED0-F415-48DD-81CB-CA9A4A4F09D2}.Debug|Any CPU.ActiveCfg = Debug|Any CPU
		{F7D1DED0-F415-48DD-81CB-CA9A4A4F09D2}.Debug|Any CPU.Build.0 = Debug|Any CPU
		{F7D1DED0-F415-48DD-81CB-CA9A4A4F09D2}.Release|Any CPU.ActiveCfg = Release|Any CPU
		{F7D1DED0-F415-48DD-81CB-CA9A4A4F09D2}.Release|Any CPU.Build.0 = Release|Any CPU
	EndGlobalSection
	GlobalSection(SolutionProperties) = preSolution
		HideSolutionNode = FALSE
	EndGlobalSection
	GlobalSection(ExtensibilityGlobals) = postSolution
		SolutionGuid = {7F514AB3-5D4F-4350-B80A-67E678EC3A9F}
	EndGlobalSection
EndGlobal
