
Microsoft Visual Studio Solution File, Format Version 12.00
# Visual Studio Version 17
VisualStudioVersion = 17.1.32328.378
MinimumVisualStudioVersion = 10.0.40219.1
Project("{FAE04EC0-301F-11D3-BF4B-00C04F79EFBC}") = "day1_dir", "day1_dir\day1_dir.csproj", "{703FD240-C381-4C9A-8CFD-AB6C1798B6F9}"
EndProject
Project("{FAE04EC0-301F-11D3-BF4B-00C04F79EFBC}") = "day1_fwr", "day1_fwr\day1_fwr.csproj", "{5E602887-1739-4A8F-90D4-853FD5F35A12}"
EndProject
Global
	GlobalSection(SolutionConfigurationPlatforms) = preSolution
		Debug|Any CPU = Debug|Any CPU
		Release|Any CPU = Release|Any CPU
	EndGlobalSection
	GlobalSection(ProjectConfigurationPlatforms) = postSolution
		{703FD240-C381-4C9A-8CFD-AB6C1798B6F9}.Debug|Any CPU.ActiveCfg = Debug|Any CPU
		{703FD240-C381-4C9A-8CFD-AB6C1798B6F9}.Debug|Any CPU.Build.0 = Debug|Any CPU
		{703FD240-C381-4C9A-8CFD-AB6C1798B6F9}.Release|Any CPU.ActiveCfg = Release|Any CPU
		{703FD240-C381-4C9A-8CFD-AB6C1798B6F9}.Release|Any CPU.Build.0 = Release|Any CPU
		{5E602887-1739-4A8F-90D4-853FD5F35A12}.Debug|Any CPU.ActiveCfg = Debug|Any CPU
		{5E602887-1739-4A8F-90D4-853FD5F35A12}.Debug|Any CPU.Build.0 = Debug|Any CPU
		{5E602887-1739-4A8F-90D4-853FD5F35A12}.Release|Any CPU.ActiveCfg = Release|Any CPU
		{5E602887-1739-4A8F-90D4-853FD5F35A12}.Release|Any CPU.Build.0 = Release|Any CPU
	EndGlobalSection
	GlobalSection(SolutionProperties) = preSolution
		HideSolutionNode = FALSE
	EndGlobalSection
	GlobalSection(ExtensibilityGlobals) = postSolution
		SolutionGuid = {273050D6-5820-4F5B-8455-839687766159}
	EndGlobalSection
EndGlobal
